
Microsoft Visual Studio Solution File, Format Version 12.00
# Visual Studio Version 16
VisualStudioVersion = 25.0.1700.0
MinimumVisualStudioVersion = 10.0.40219.1
Project("{FAE04EC0-301F-11D3-BF4B-00C04F79EFBC}") = "Tut_4", "Tut_4\Tut_4.csproj", "{B180CE5E-8E7F-419F-8148-1F68ADB6BA12}"
EndProject
Global
	GlobalSection(SolutionConfigurationPlatforms) = preSolution
		Debug|Any CPU = Debug|Any CPU
		Release|Any CPU = Release|Any CPU
	EndGlobalSection
	GlobalSection(ProjectConfigurationPlatforms) = postSolution
		{B180CE5E-8E7F-419F-8148-1F68ADB6BA12}.Debug|Any CPU.ActiveCfg = Debug|Any CPU
		{B180CE5E-8E7F-419F-8148-1F68ADB6BA12}.Debug|Any CPU.Build.0 = Debug|Any CPU
		{B180CE5E-8E7F-419F-8148-1F68ADB6BA12}.Release|Any CPU.ActiveCfg = Release|Any CPU
		{B180CE5E-8E7F-419F-8148-1F68ADB6BA12}.Release|Any CPU.Build.0 = Release|Any CPU
	EndGlobalSection
	GlobalSection(SolutionProperties) = preSolution
		HideSolutionNode = FALSE
	EndGlobalSection
	GlobalSection(ExtensibilityGlobals) = postSolution
		SolutionGuid = {08CA62D3-5DCF-41B8-9F10-6A95C57D8937}
	EndGlobalSection
EndGlobal
